
Microsoft Visual Studio Solution File, Format Version 12.00
# Visual Studio Version 17
VisualStudioVersion = 17.7.34031.279
MinimumVisualStudioVersion = 10.0.40219.1
Project("{FAE04EC0-301F-11D3-BF4B-00C04F79EFBC}") = "VisproAssignment", "VisproAssignment.csproj", "{534AB0DB-9F21-45F0-B218-237016FAC92C}"
EndProject
Global
	GlobalSection(SolutionConfigurationPlatforms) = preSolution
		Debug|Any CPU = Debug|Any CPU
		Release|Any CPU = Release|Any CPU
	EndGlobalSection
	GlobalSection(ProjectConfigurationPlatforms) = postSolution
		{534AB0DB-9F21-45F0-B218-237016FAC92C}.Debug|Any CPU.ActiveCfg = Debug|Any CPU
		{534AB0DB-9F21-45F0-B218-237016FAC92C}.Debug|Any CPU.Build.0 = Debug|Any CPU
		{534AB0DB-9F21-45F0-B218-237016FAC92C}.Release|Any CPU.ActiveCfg = Release|Any CPU
		{534AB0DB-9F21-45F0-B218-237016FAC92C}.Release|Any CPU.Build.0 = Release|Any CPU
	EndGlobalSection
	GlobalSection(SolutionProperties) = preSolution
		HideSolutionNode = FALSE
	EndGlobalSection
	GlobalSection(ExtensibilityGlobals) = postSolution
		SolutionGuid = {F0A68D34-EC5D-4679-9DDC-E47DFE289AEF}
	EndGlobalSection
EndGlobal
